
Microsoft Visual Studio Solution File, Format Version 12.00
# Visual Studio Version 17
VisualStudioVersion = 17.1.32210.238
MinimumVisualStudioVersion = 10.0.40219.1
Project("{FAE04EC0-301F-11D3-BF4B-00C04F79EFBC}") = "TrainingNine", "TrainingNine\TrainingNine.csproj", "{1F0755F5-455B-4CA5-AAD0-6FB9EE448F1A}"
EndProject
Global
	GlobalSection(SolutionConfigurationPlatforms) = preSolution
		Debug|Any CPU = Debug|Any CPU
		Release|Any CPU = Release|Any CPU
	EndGlobalSection
	GlobalSection(ProjectConfigurationPlatforms) = postSolution
		{1F0755F5-455B-4CA5-AAD0-6FB9EE448F1A}.Debug|Any CPU.ActiveCfg = Debug|Any CPU
		{1F0755F5-455B-4CA5-AAD0-6FB9EE448F1A}.Debug|Any CPU.Build.0 = Debug|Any CPU
		{1F0755F5-455B-4CA5-AAD0-6FB9EE448F1A}.Release|Any CPU.ActiveCfg = Release|Any CPU
		{1F0755F5-455B-4CA5-AAD0-6FB9EE448F1A}.Release|Any CPU.Build.0 = Release|Any CPU
	EndGlobalSection
	GlobalSection(SolutionProperties) = preSolution
		HideSolutionNode = FALSE
	EndGlobalSection
	GlobalSection(ExtensibilityGlobals) = postSolution
		SolutionGuid = {B207029E-ABBD-4E9B-9312-45BA4D8FC2EB}
	EndGlobalSection
EndGlobal
